
Microsoft Visual Studio Solution File, Format Version 12.00
# Visual Studio Version 17
VisualStudioVersion = 17.13.35931.197 d17.13
MinimumVisualStudioVersion = 10.0.40219.1
Project("{FAE04EC0-301F-11D3-BF4B-00C04F79EFBC}") = "Pratik - Try-Catch", "Pratik - Try-Catch\Pratik - Try-Catch.csproj", "{4260EA58-B2F9-4395-989F-72B78EA0FF92}"
EndProject
Global
	GlobalSection(SolutionConfigurationPlatforms) = preSolution
		Debug|Any CPU = Debug|Any CPU
		Release|Any CPU = Release|Any CPU
	EndGlobalSection
	GlobalSection(ProjectConfigurationPlatforms) = postSolution
		{4260EA58-B2F9-4395-989F-72B78EA0FF92}.Debug|Any CPU.ActiveCfg = Debug|Any CPU
		{4260EA58-B2F9-4395-989F-72B78EA0FF92}.Debug|Any CPU.Build.0 = Debug|Any CPU
		{4260EA58-B2F9-4395-989F-72B78EA0FF92}.Release|Any CPU.ActiveCfg = Release|Any CPU
		{4260EA58-B2F9-4395-989F-72B78EA0FF92}.Release|Any CPU.Build.0 = Release|Any CPU
	EndGlobalSection
	GlobalSection(SolutionProperties) = preSolution
		HideSolutionNode = FALSE
	EndGlobalSection
	GlobalSection(ExtensibilityGlobals) = postSolution
		SolutionGuid = {E18B0D70-9E0C-4B9F-AE29-5798CB481B5E}
	EndGlobalSection
EndGlobal
